
Microsoft Visual Studio Solution File, Format Version 12.00
# Visual Studio 15
VisualStudioVersion = 15.0.28010.2041
MinimumVisualStudioVersion = 10.0.40219.1
Project("{FAE04EC0-301F-11D3-BF4B-00C04F79EFBC}") = "ClientePolicomerce", "ClientePolicomerce\ClientePolicomerce.csproj", "{81197801-8933-4F83-B1EF-FA347C951A7B}"
EndProject
Global
	GlobalSection(SolutionConfigurationPlatforms) = preSolution
		Debug|Any CPU = Debug|Any CPU
		Release|Any CPU = Release|Any CPU
	EndGlobalSection
	GlobalSection(ProjectConfigurationPlatforms) = postSolution
		{81197801-8933-4F83-B1EF-FA347C951A7B}.Debug|Any CPU.ActiveCfg = Debug|Any CPU
		{81197801-8933-4F83-B1EF-FA347C951A7B}.Debug|Any CPU.Build.0 = Debug|Any CPU
		{81197801-8933-4F83-B1EF-FA347C951A7B}.Release|Any CPU.ActiveCfg = Release|Any CPU
		{81197801-8933-4F83-B1EF-FA347C951A7B}.Release|Any CPU.Build.0 = Release|Any CPU
	EndGlobalSection
	GlobalSection(SolutionProperties) = preSolution
		HideSolutionNode = FALSE
	EndGlobalSection
	GlobalSection(ExtensibilityGlobals) = postSolution
		SolutionGuid = {759C7D9B-2582-4B8E-AD47-AE7255181205}
	EndGlobalSection
EndGlobal
